// !$*UTF8*$!
{
	archiveVersion = 1;
	classes = {
	};
	objectVersion = 46;
	objects = {

/* Begin PBXBuildFile section */
		EA24E48B1A18BCEC00AADA0C /* AppDelegate.swift in Sources */ = {isa = PBXBuildFile; fileRef = EA24E48A1A18BCEC00AADA0C /* AppDelegate.swift */; };
		EA24E48E1A18BCEC00AADA0C /* freshfridge.xcdatamodeld in Sources */ = {isa = PBXBuildFile; fileRef = EA24E48C1A18BCEC00AADA0C /* freshfridge.xcdatamodeld */; };
		EA24E4901A18BCEC00AADA0C /* ViewController.swift in Sources */ = {isa = PBXBuildFile; fileRef = EA24E48F1A18BCEC00AADA0C /* ViewController.swift */; };
		EA24E4931A18BCEC00AADA0C /* Main.storyboard in Resources */ = {isa = PBXBuildFile; fileRef = EA24E4911A18BCEC00AADA0C /* Main.storyboard */; };
		EA24E4951A18BCEC00AADA0C /* Images.xcassets in Resources */ = {isa = PBXBuildFile; fileRef = EA24E4941A18BCEC00AADA0C /* Images.xcassets */; };
		EA24E4981A18BCEC00AADA0C /* LaunchScreen.xib in Resources */ = {isa = PBXBuildFile; fileRef = EA24E4961A18BCEC00AADA0C /* LaunchScreen.xib */; };
		EA24E4A41A18BCED00AADA0C /* freshfridgeTests.swift in Sources */ = {isa = PBXBuildFile; fileRef = EA24E4A31A18BCED00AADA0C /* freshfridgeTests.swift */; };
/* End PBXBuildFile section */

/* Begin PBXContainerItemProxy section */
		EA24E49E1A18BCEC00AADA0C /* PBXContainerItemProxy */ = {
			isa = PBXContainerItemProxy;
			containerPortal = EA24E47D1A18BCEC00AADA0C /* Project object */;
			proxyType = 1;
			remoteGlobalIDString = EA24E4841A18BCEC00AADA0C;
			remoteInfo = freshfridge;
		};
/* End PBXContainerItemProxy section */

/* Begin PBXFileReference section */
		EA24E4851A18BCEC00AADA0C /* freshfridge.app */ = {isa = PBXFileReference; explicitFileType = wrapper.application; includeInIndex = 0; path = freshfridge.app; sourceTree = BUILT_PRODUCTS_DIR; };
		EA24E4891A18BCEC00AADA0C /* Info.plist */ = {isa = PBXFileReference; lastKnownFileType = text.plist.xml; path = Info.plist; sourceTree = "<group>"; };
		EA24E48A1A18BCEC00AADA0C /* AppDelegate.swift */ = {isa = PBXFileReference; lastKnownFileType = sourcecode.swift; path = AppDelegate.swift; sourceTree = "<group>"; };
		EA24E48D1A18BCEC00AADA0C /* freshfridge.xcdatamodel */ = {isa = PBXFileReference; lastKnownFileType = wrapper.xcdatamodel; path = freshfridge.xcdatamodel; sourceTree = "<group>"; };
		EA24E48F1A18BCEC00AADA0C /* ViewController.swift */ = {isa = PBXFileReference; lastKnownFileType = sourcecode.swift; path = ViewController.swift; sourceTree = "<group>"; };
		EA24E4921A18BCEC00AADA0C /* Base */ = {isa = PBXFileReference; lastKnownFileType = file.storyboard; name = Base; path = Base.lproj/Main.storyboard; sourceTree = "<group>"; };
		EA24E4941A18BCEC00AADA0C /* Images.xcassets */ = {isa = PBXFileReference; lastKnownFileType = folder.assetcatalog; path = Images.xcassets; sourceTree = "<group>"; };
		EA24E4971A18BCEC00AADA0C /* Base */ = {isa = PBXFileReference; lastKnownFileType = file.xib; name = Base; path = Base.lproj/LaunchScreen.xib; sourceTree = "<group>"; };
		EA24E49D1A18BCEC00AADA0C /* freshfridgeTests.xctest */ = {isa = PBXFileReference; explicitFileType = wrapper.cfbundle; includeInIndex = 0; path = freshfridgeTests.xctest; sourceTree = BUILT_PRODUCTS_DIR; };
		EA24E4A21A18BCED00AADA0C /* Info.plist */ = {isa = PBXFileReference; lastKnownFileType = text.plist.xml; path = Info.plist; sourceTree = "<group>"; };
		EA24E4A31A18BCED00AADA0C /* freshfridgeTests.swift */ = {isa = PBXFileReference; lastKnownFileType = sourcecode.swift; path = freshfridgeTests.swift; sourceTree = "<group>"; };
/* End PBXFileReference section */

/* Begin PBXFrameworksBuildPhase section */
		EA24E4821A18BCEC00AADA0C /* Frameworks */ = {
			isa = PBXFrameworksBuildPhase;
			buildActionMask = 2147483647;
			files = (
			);
			runOnlyForDeploymentPostprocessing = 0;
		};
		EA24E49A1A18BCEC00AADA0C /* Frameworks */ = {
			isa = PBXFrameworksBuildPhase;
			buildActionMask = 2147483647;
			files = (
			);
			runOnlyForDeploymentPostprocessing = 0;
		};
/* End PBXFrameworksBuildPhase section */

/* Begin PBXGroup section */
		EA24E47C1A18BCEC00AADA0C = {
			isa = PBXGroup;
			children = (
				EA24E4871A18BCEC00AADA0C /* freshfridge */,
				EA24E4A01A18BCED00AADA0C /* freshfridgeTests */,
				EA24E4861A18BCEC00AADA0C /* Products */,
			);
			sourceTree = "<group>";
		};
		EA24E4861A18BCEC00AADA0C /* Products */ = {
			isa = PBXGroup;
			children = (
				EA24E4851A18BCEC00AADA0C /* freshfridge.app */,
				EA24E49D1A18BCEC00AADA0C /* freshfridgeTests.xctest */,
			);
			name = Products;
			sourceTree = "<group>";
		};
		EA24E4871A18BCEC00AADA0C /* freshfridge */ = {
			isa = PBXGroup;
			children = (
				EA24E48A1A18BCEC00AADA0C /* AppDelegate.swift */,
				EA24E48F1A18BCEC00AADA0C /* ViewController.swift */,
				EA24E4911A18BCEC00AADA0C /* Main.storyboard */,
				EA24E4941A18BCEC00AADA0C /* Images.xcassets */,
				EA24E4961A18BCEC00AADA0C /* LaunchScreen.xib */,
				EA24E48C1A18BCEC00AADA0C /* freshfridge.xcdatamodeld */,
				EA24E4881A18BCEC00AADA0C /* Supporting Files */,
			);
			path = freshfridge;
			sourceTree = "<group>";
		};
		EA24E4881A18BCEC00AADA0C /* Supporting Files */ = {
			isa = PBXGroup;
			children = (
				EA24E4891A18BCEC00AADA0C /* Info.plist */,
			);
			name = "Supporting Files";
			sourceTree = "<group>";
		};
		EA24E4A01A18BCED00AADA0C /* freshfridgeTests */ = {
			isa = PBXGroup;
			children = (
				EA24E4A31A18BCED00AADA0C /* freshfridgeTests.swift */,
				EA24E4A11A18BCED00AADA0C /* Supporting Files */,
			);
			path = freshfridgeTests;
			sourceTree = "<group>";
		};
		EA24E4A11A18BCED00AADA0C /* Supporting Files */ = {
			isa = PBXGroup;
			children = (
				EA24E4A21A18BCED00AADA0C /* Info.plist */,
			);
			name = "Supporting Files";
			sourceTree = "<group>";
		};
/* End PBXGroup section */

/* Begin PBXNativeTarget section */
		EA24E4841A18BCEC00AADA0C /* freshfridge */ = {
			isa = PBXNativeTarget;
			buildConfigurationList = EA24E4A71A18BCED00AADA0C /* Build configuration list for PBXNativeTarget "freshfridge" */;
			buildPhases = (
				EA24E4811A18BCEC00AADA0C /* Sources */,
				EA24E4821A18BCEC00AADA0C /* Frameworks */,
				EA24E4831A18BCEC00AADA0C /* Resources */,
			);
			buildRules = (
			);
			dependencies = (
			);
			name = freshfridge;
			productName = freshfridge;
			productReference = EA24E4851A18BCEC00AADA0C /* freshfridge.app */;
			productType = "com.apple.product-type.application";
		};
		EA24E49C1A18BCEC00AADA0C /* freshfridgeTests */ = {
			isa = PBXNativeTarget;
			buildConfigurationList = EA24E4AA1A18BCED00AADA0C /* Build configuration list for PBXNativeTarget "freshfridgeTests" */;
			buildPhases = (
				EA24E4991A18BCEC00AADA0C /* Sources */,
				EA24E49A1A18BCEC00AADA0C /* Frameworks */,
				EA24E49B1A18BCEC00AADA0C /* Resources */,
			);
			buildRules = (
			);
			dependencies = (
				EA24E49F1A18BCEC00AADA0C /* PBXTargetDependency */,
			);
			name = freshfridgeTests;
			productName = freshfridgeTests;
			productReference = EA24E49D1A18BCEC00AADA0C /* freshfridgeTests.xctest */;
			productType = "com.apple.product-type.bundle.unit-test";
		};
/* End PBXNativeTarget section */

/* Begin PBXProject section */
		EA24E47D1A18BCEC00AADA0C /* Project object */ = {
			isa = PBXProject;
			attributes = {
				LastUpgradeCheck = 0610;
				ORGANIZATIONNAME = "Mark Jackson";
				TargetAttributes = {
					EA24E4841A18BCEC00AADA0C = {
						CreatedOnToolsVersion = 6.1;
					};
					EA24E49C1A18BCEC00AADA0C = {
						CreatedOnToolsVersion = 6.1;
						TestTargetID = EA24E4841A18BCEC00AADA0C;
					};
				};
			};
			buildConfigurationList = EA24E4801A18BCEC00AADA0C /* Build configuration list for PBXProject "freshfridge" */;
			compatibilityVersion = "Xcode 3.2";
			developmentRegion = English;
			hasScannedForEncodings = 0;
			knownRegions = (
				en,
				Base,
			);
			mainGroup = EA24E47C1A18BCEC00AADA0C;
			productRefGroup = EA24E4861A18BCEC00AADA0C /* Products */;
			projectDirPath = "";
			projectRoot = "";
			targets = (
				EA24E4841A18BCEC00AADA0C /* freshfridge */,
				EA24E49C1A18BCEC00AADA0C /* freshfridgeTests */,
			);
		};
/* End PBXProject section */

/* Begin PBXResourcesBuildPhase section */
		EA24E4831A18BCEC00AADA0C /* Resources */ = {
			isa = PBXResourcesBuildPhase;
			buildActionMask = 2147483647;
			files = (
				EA24E4931A18BCEC00AADA0C /* Main.storyboard in Resources */,
				EA24E4981A18BCEC00AADA0C /* LaunchScreen.xib in Resources */,
				EA24E4951A18BCEC00AADA0C /* Images.xcassets in Resources */,
			);
			runOnlyForDeploymentPostprocessing = 0;
		};
		EA24E49B1A18BCEC00AADA0C /* Resources */ = {
			isa = PBXResourcesBuildPhase;
			buildActionMask = 2147483647;
			files = (
			);
			runOnlyForDeploymentPostprocessing = 0;
		};
/* End PBXResourcesBuildPhase section */

/* Begin PBXSourcesBuildPhase section */
		EA24E4811A18BCEC00AADA0C /* Sources */ = {
			isa = PBXSourcesBuildPhase;
			buildActionMask = 2147483647;
			files = (
				EA24E4901A18BCEC00AADA0C /* ViewController.swift in Sources */,
				EA24E48B1A18BCEC00AADA0C /* AppDelegate.swift in Sources */,
				EA24E48E1A18BCEC00AADA0C /* freshfridge.xcdatamodeld in Sources */,
			);
			runOnlyForDeploymentPostprocessing = 0;
		};
		EA24E4991A18BCEC00AADA0C /* Sources */ = {
			isa = PBXSourcesBuildPhase;
			buildActionMask = 2147483647;
			files = (
				EA24E4A41A18BCED00AADA0C /* freshfridgeTests.swift in Sources */,
			);
			runOnlyForDeploymentPostprocessing = 0;
		};
/* End PBXSourcesBuildPhase section */

/* Begin PBXTargetDependency section */
		EA24E49F1A18BCEC00AADA0C /* PBXTargetDependency */ = {
			isa = PBXTargetDependency;
			target = EA24E4841A18BCEC00AADA0C /* freshfridge */;
			targetProxy = EA24E49E1A18BCEC00AADA0C /* PBXContainerItemProxy */;
		};
/* End PBXTargetDependency section */

/* Begin PBXVariantGroup section */
		EA24E4911A18BCEC00AADA0C /* Main.storyboard */ = {
			isa = PBXVariantGroup;
			children = (
				EA24E4921A18BCEC00AADA0C /* Base */,
			);
			name = Main.storyboard;
			sourceTree = "<group>";
		};
		EA24E4961A18BCEC00AADA0C /* LaunchScreen.xib */ = {
			isa = PBXVariantGroup;
			children = (
				EA24E4971A18BCEC00AADA0C /* Base */,
			);
			name = LaunchScreen.xib;
			sourceTree = "<group>";
		};
/* End PBXVariantGroup section */

/* Begin XCBuildConfiguration section */
		EA24E4A51A18BCED00AADA0C /* Debug */ = {
			isa = XCBuildConfiguration;
			buildSettings = {
				ALWAYS_SEARCH_USER_PATHS = NO;
				CLANG_CXX_LANGUAGE_STANDARD = "gnu++0x";
				CLANG_CXX_LIBRARY = "libc++";
				CLANG_ENABLE_MODULES = YES;
				CLANG_ENABLE_OBJC_ARC = YES;
				CLANG_WARN_BOOL_CONVERSION = YES;
				CLANG_WARN_CONSTANT_CONVERSION = YES;
				CLANG_WARN_DIRECT_OBJC_ISA_USAGE = YES_ERROR;
				CLANG_WARN_EMPTY_BODY = YES;
				CLANG_WARN_ENUM_CONVERSION = YES;
				CLANG_WARN_INT_CONVERSION = YES;
				CLANG_WARN_OBJC_ROOT_CLASS = YES_ERROR;
				CLANG_WARN_UNREACHABLE_CODE = YES;
				CLANG_WARN__DUPLICATE_METHOD_MATCH = YES;
				"CODE_SIGN_IDENTITY[sdk=iphoneos*]" = "iPhone Developer";
				COPY_PHASE_STRIP = NO;
				ENABLE_STRICT_OBJC_MSGSEND = YES;
				GCC_C_LANGUAGE_STANDARD = gnu99;
				GCC_DYNAMIC_NO_PIC = NO;
				GCC_OPTIMIZATION_LEVEL = 0;
				GCC_PREPROCESSOR_DEFINITIONS = (
					"DEBUG=1",
					"$(inherited)",
				);
				GCC_SYMBOLS_PRIVATE_EXTERN = NO;
				GCC_WARN_64_TO_32_BIT_CONVERSION = YES;
				GCC_WARN_ABOUT_RETURN_TYPE = YES_ERROR;
				GCC_WARN_UNDECLARED_SELECTOR = YES;
				GCC_WARN_UNINITIALIZED_AUTOS = YES_AGGRESSIVE;
				GCC_WARN_UNUSED_FUNCTION = YES;
				GCC_WARN_UNUSED_VARIABLE = YES;
				IPHONEOS_DEPLOYMENT_TARGET = 8.1;
				MTL_ENABLE_DEBUG_INFO = YES;
				ONLY_ACTIVE_ARCH = YES;
				SDKROOT = iphoneos;
				SWIFT_OPTIMIZATION_LEVEL = "-Onone";
			};
			name = Debug;
		};
		EA24E4A61A18BCED00AADA0C /* Release */ = {
			isa = XCBuildConfiguration;
			buildSettings = {
				ALWAYS_SEARCH_USER_PATHS = NO;
				CLANG_CXX_LANGUAGE_STANDARD = "gnu++0x";
				CLANG_CXX_LIBRARY = "libc++";
				CLANG_ENABLE_MODULES = YES;
				CLANG_ENABLE_OBJC_ARC = YES;
				CLANG_WARN_BOOL_CONVERSION = YES;
				CLANG_WARN_CONSTANT_CONVERSION = YES;
				CLANG_WARN_DIRECT_OBJC_ISA_USAGE = YES_ERROR;
				CLANG_WARN_EMPTY_BODY = YES;
				CLANG_WARN_ENUM_CONVERSION = YES;
				CLANG_WARN_INT_CONVERSION = YES;
				CLANG_WARN_OBJC_ROOT_CLASS = YES_ERROR;
				CLANG_WARN_UNREACHABLE_CODE = YES;
				CLANG_WARN__DUPLICATE_METHOD_MATCH = YES;
				"CODE_SIGN_IDENTITY[sdk=iphoneos*]" = "iPhone Developer";
				COPY_PHASE_STRIP = YES;
				ENABLE_NS_ASSERTIONS = NO;
				ENABLE_STRICT_OBJC_MSGSEND = YES;
				GCC_C_LANGUAGE_STANDARD = gnu99;
				GCC_WARN_64_TO_32_BIT_CONVERSION = YES;
				GCC_WARN_ABOUT_RETURN_TYPE = YES_ERROR;
				GCC_WARN_UNDECLARED_SELECTOR = YES;
				GCC_WARN_UNINITIALIZED_AUTOS = YES_AGGRESSIVE;
				GCC_WARN_UNUSED_FUNCTION = YES;
				GCC_WARN_UNUSED_VARIABLE = YES;
				IPHONEOS_DEPLOYMENT_TARGET = 8.1;
				MTL_ENABLE_DEBUG_INFO = NO;
				SDKROOT = iphoneos;
				VALIDATE_PRODUCT = YES;
			};
			name = Release;
		};
		EA24E4A81A18BCED00AADA0C /* Debug */ = {
			isa = XCBuildConfiguration;
			buildSettings = {
				ASSETCATALOG_COMPILER_APPICON_NAME = AppIcon;
				INFOPLIST_FILE = freshfridge/Info.plist;
				IPHONEOS_DEPLOYMENT_TARGET = 8.1;
				LD_RUNPATH_SEARCH_PATHS = "$(inherited) @executable_path/Frameworks";
				PRODUCT_NAME = "$(TARGET_NAME)";
			};
			name = Debug;
		};
		EA24E4A91A18BCED00AADA0C /* Release */ = {
			isa = XCBuildConfiguration;
			buildSettings = {
				ASSETCATALOG_COMPILER_APPICON_NAME = AppIcon;
				INFOPLIST_FILE = freshfridge/Info.plist;
				IPHONEOS_DEPLOYMENT_TARGET = 8.1;
				LD_RUNPATH_SEARCH_PATHS = "$(inherited) @executable_path/Frameworks";
				PRODUCT_NAME = "$(TARGET_NAME)";
			};
			name = Release;
		};
		EA24E4AB1A18BCED00AADA0C /* Debug */ = {
			isa = XCBuildConfiguration;
			buildSettings = {
				BUNDLE_LOADER = "$(TEST_HOST)";
				FRAMEWORK_SEARCH_PATHS = (
					"$(SDKROOT)/Developer/Library/Frameworks",
					"$(inherited)",
				);
				GCC_PREPROCESSOR_DEFINITIONS = (
					"DEBUG=1",
					"$(inherited)",
				);
				INFOPLIST_FILE = freshfridgeTests/Info.plist;
				LD_RUNPATH_SEARCH_PATHS = "$(inherited) @executable_path/Frameworks @loader_path/Frameworks";
				PRODUCT_NAME = "$(TARGET_NAME)";
				TEST_HOST = "$(BUILT_PRODUCTS_DIR)/freshfridge.app/freshfridge";
			};
			name = Debug;
		};
		EA24E4AC1A18BCED00AADA0C /* Release */ = {
			isa = XCBuildConfiguration;
			buildSettings = {
				BUNDLE_LOADER = "$(TEST_HOST)";
				FRAMEWORK_SEARCH_PATHS = (
					"$(SDKROOT)/Developer/Library/Frameworks",
					"$(inherited)",
				);
				INFOPLIST_FILE = freshfridgeTests/Info.plist;
				LD_RUNPATH_SEARCH_PATHS = "$(inherited) @executable_path/Frameworks @loader_path/Frameworks";
				PRODUCT_NAME = "$(TARGET_NAME)";
				TEST_HOST = "$(BUILT_PRODUCTS_DIR)/freshfridge.app/freshfridge";
			};
			name = Release;
		};
/* End XCBuildConfiguration section */

/* Begin XCConfigurationList section */
		EA24E4801A18BCEC00AADA0C /* Build configuration list for PBXProject "freshfridge" */ = {
			isa = XCConfigurationList;
			buildConfigurations = (
				EA24E4A51A18BCED00AADA0C /* Debug */,
				EA24E4A61A18BCED00AADA0C /* Release */,
			);
			defaultConfigurationIsVisible = 0;
			defaultConfigurationName = Release;
		};
		EA24E4A71A18BCED00AADA0C /* Build configuration list for PBXNativeTarget "freshfridge" */ = {
			isa = XCConfigurationList;
			buildConfigurations = (
				EA24E4A81A18BCED00AADA0C /* Debug */,
				EA24E4A91A18BCED00AADA0C /* Release */,
			);
			defaultConfigurationIsVisible = 0;
		};
		EA24E4AA1A18BCED00AADA0C /* Build configuration list for PBXNativeTarget "freshfridgeTests" */ = {
			isa = XCConfigurationList;
			buildConfigurations = (
				EA24E4AB1A18BCED00AADA0C /* Debug */,
				EA24E4AC1A18BCED00AADA0C /* Release */,
			);
			defaultConfigurationIsVisible = 0;
		};
/* End XCConfigurationList section */

/* Begin XCVersionGroup section */
		EA24E48C1A18BCEC00AADA0C /* freshfridge.xcdatamodeld */ = {
			isa = XCVersionGroup;
			children = (
				EA24E48D1A18BCEC00AADA0C /* freshfridge.xcdatamodel */,
			);
			currentVersion = EA24E48D1A18BCEC00AADA0C /* freshfridge.xcdatamodel */;
			path = freshfridge.xcdatamodeld;
			sourceTree = "<group>";
			versionGroupType = wrapper.xcdatamodel;
		};
/* End XCVersionGroup section */
	};
	rootObject = EA24E47D1A18BCEC00AADA0C /* Project object */;
}
